
Microsoft Visual Studio Solution File, Format Version 12.00
# Visual Studio Version 17
VisualStudioVersion = 17.4.33122.133
MinimumVisualStudioVersion = 10.0.40219.1
Project("{9A19103F-16F7-4668-BE54-9A1E7A4F7556}") = "OpenAI_Client", "OpenAI_Chebanu\OpenAI_Client.csproj", "{93329FC1-C173-473D-B467-A5613C5875EF}"
EndProject
Project("{FAE04EC0-301F-11D3-BF4B-00C04F79EFBC}") = "Demonstration", "Demonstration\Demonstration.csproj", "{1043A86C-5DDD-43F7-8AE9-74ED31C6520B}"
EndProject
Global
	GlobalSection(SolutionConfigurationPlatforms) = preSolution
		Debug|Any CPU = Debug|Any CPU
		Release|Any CPU = Release|Any CPU
	EndGlobalSection
	GlobalSection(ProjectConfigurationPlatforms) = postSolution
		{93329FC1-C173-473D-B467-A5613C5875EF}.Debug|Any CPU.ActiveCfg = Debug|Any CPU
		{93329FC1-C173-473D-B467-A5613C5875EF}.Debug|Any CPU.Build.0 = Debug|Any CPU
		{93329FC1-C173-473D-B467-A5613C5875EF}.Release|Any CPU.ActiveCfg = Release|Any CPU
		{93329FC1-C173-473D-B467-A5613C5875EF}.Release|Any CPU.Build.0 = Release|Any CPU
		{1043A86C-5DDD-43F7-8AE9-74ED31C6520B}.Debug|Any CPU.ActiveCfg = Debug|Any CPU
		{1043A86C-5DDD-43F7-8AE9-74ED31C6520B}.Debug|Any CPU.Build.0 = Debug|Any CPU
		{1043A86C-5DDD-43F7-8AE9-74ED31C6520B}.Release|Any CPU.ActiveCfg = Release|Any CPU
		{1043A86C-5DDD-43F7-8AE9-74ED31C6520B}.Release|Any CPU.Build.0 = Release|Any CPU
	EndGlobalSection
	GlobalSection(SolutionProperties) = preSolution
		HideSolutionNode = FALSE
	EndGlobalSection
	GlobalSection(ExtensibilityGlobals) = postSolution
		SolutionGuid = {94C632D9-5515-444C-9AA7-619545BB89A5}
	EndGlobalSection
EndGlobal
